// !$*UTF8*$!
{
	archiveVersion = 1;
	classes = {
	};
	objectVersion = 46;
	objects = {

/* Begin PBXBuildFile section */
		B352887E16FFEF4E0057860D /* jquery.min.js in Resources */ = {isa = PBXBuildFile; fileRef = B352887D16FFEF4E0057860D /* jquery.min.js */; };
		B352888A16FFFAB20057860D /* NetworkingUtils.m in Sources */ = {isa = PBXBuildFile; fileRef = B352888716FFFAB20057860D /* NetworkingUtils.m */; };
		B352888B16FFFAB20057860D /* TPKeyboardAvoidingScrollView.m in Sources */ = {isa = PBXBuildFile; fileRef = B352888916FFFAB20057860D /* TPKeyboardAvoidingScrollView.m */; };
		B364597A16F83582001E606C /* UIKit.framework in Frameworks */ = {isa = PBXBuildFile; fileRef = B364597916F83582001E606C /* UIKit.framework */; };
		B364597C16F83582001E606C /* Foundation.framework in Frameworks */ = {isa = PBXBuildFile; fileRef = B364597B16F83582001E606C /* Foundation.framework */; };
		B364597E16F83582001E606C /* CoreGraphics.framework in Frameworks */ = {isa = PBXBuildFile; fileRef = B364597D16F83582001E606C /* CoreGraphics.framework */; };
		B364598416F83582001E606C /* InfoPlist.strings in Resources */ = {isa = PBXBuildFile; fileRef = B364598216F83582001E606C /* InfoPlist.strings */; };
		B364598616F83582001E606C /* main.m in Sources */ = {isa = PBXBuildFile; fileRef = B364598516F83582001E606C /* main.m */; };
		B364598A16F83582001E606C /* AppDelegate.m in Sources */ = {isa = PBXBuildFile; fileRef = B364598916F83582001E606C /* AppDelegate.m */; };
		B364598C16F83582001E606C /* Default.png in Resources */ = {isa = PBXBuildFile; fileRef = B364598B16F83582001E606C /* Default.png */; };
		B364598E16F83582001E606C /* Default@2x.png in Resources */ = {isa = PBXBuildFile; fileRef = B364598D16F83582001E606C /* Default@2x.png */; };
		B364599016F83582001E606C /* Default-568h@2x.png in Resources */ = {isa = PBXBuildFile; fileRef = B364598F16F83582001E606C /* Default-568h@2x.png */; };
		B364599316F83582001E606C /* ViewController.m in Sources */ = {isa = PBXBuildFile; fileRef = B364599216F83582001E606C /* ViewController.m */; };
		B364599E16F83F22001E606C /* index.html in Resources */ = {isa = PBXBuildFile; fileRef = B364599D16F83F22001E606C /* index.html */; };
/* End PBXBuildFile section */

/* Begin PBXFileReference section */
		B352887D16FFEF4E0057860D /* jquery.min.js */ = {isa = PBXFileReference; fileEncoding = 4; lastKnownFileType = sourcecode.javascript; path = jquery.min.js; sourceTree = "<group>"; };
		B352888616FFFAB20057860D /* NetworkingUtils.h */ = {isa = PBXFileReference; fileEncoding = 4; lastKnownFileType = sourcecode.c.h; path = NetworkingUtils.h; sourceTree = "<group>"; };
		B352888716FFFAB20057860D /* NetworkingUtils.m */ = {isa = PBXFileReference; fileEncoding = 4; lastKnownFileType = sourcecode.c.objc; path = NetworkingUtils.m; sourceTree = "<group>"; };
		B352888816FFFAB20057860D /* TPKeyboardAvoidingScrollView.h */ = {isa = PBXFileReference; fileEncoding = 4; lastKnownFileType = sourcecode.c.h; path = TPKeyboardAvoidingScrollView.h; sourceTree = "<group>"; };
		B352888916FFFAB20057860D /* TPKeyboardAvoidingScrollView.m */ = {isa = PBXFileReference; fileEncoding = 4; lastKnownFileType = sourcecode.c.objc; path = TPKeyboardAvoidingScrollView.m; sourceTree = "<group>"; };
		B364597616F83582001E606C /* objs.app */ = {isa = PBXFileReference; explicitFileType = wrapper.application; includeInIndex = 0; path = objs.app; sourceTree = BUILT_PRODUCTS_DIR; };
		B364597916F83582001E606C /* UIKit.framework */ = {isa = PBXFileReference; lastKnownFileType = wrapper.framework; name = UIKit.framework; path = System/Library/Frameworks/UIKit.framework; sourceTree = SDKROOT; };
		B364597B16F83582001E606C /* Foundation.framework */ = {isa = PBXFileReference; lastKnownFileType = wrapper.framework; name = Foundation.framework; path = System/Library/Frameworks/Foundation.framework; sourceTree = SDKROOT; };
		B364597D16F83582001E606C /* CoreGraphics.framework */ = {isa = PBXFileReference; lastKnownFileType = wrapper.framework; name = CoreGraphics.framework; path = System/Library/Frameworks/CoreGraphics.framework; sourceTree = SDKROOT; };
		B364598116F83582001E606C /* objs-Info.plist */ = {isa = PBXFileReference; lastKnownFileType = text.plist.xml; path = "objs-Info.plist"; sourceTree = "<group>"; };
		B364598316F83582001E606C /* en */ = {isa = PBXFileReference; lastKnownFileType = text.plist.strings; name = en; path = en.lproj/InfoPlist.strings; sourceTree = "<group>"; };
		B364598516F83582001E606C /* main.m */ = {isa = PBXFileReference; lastKnownFileType = sourcecode.c.objc; path = main.m; sourceTree = "<group>"; };
		B364598716F83582001E606C /* objs-Prefix.pch */ = {isa = PBXFileReference; lastKnownFileType = sourcecode.c.h; path = "objs-Prefix.pch"; sourceTree = "<group>"; };
		B364598816F83582001E606C /* AppDelegate.h */ = {isa = PBXFileReference; lastKnownFileType = sourcecode.c.h; path = AppDelegate.h; sourceTree = "<group>"; };
		B364598916F83582001E606C /* AppDelegate.m */ = {isa = PBXFileReference; lastKnownFileType = sourcecode.c.objc; path = AppDelegate.m; sourceTree = "<group>"; };
		B364598B16F83582001E606C /* Default.png */ = {isa = PBXFileReference; lastKnownFileType = image.png; path = Default.png; sourceTree = "<group>"; };
		B364598D16F83582001E606C /* Default@2x.png */ = {isa = PBXFileReference; lastKnownFileType = image.png; path = "Default@2x.png"; sourceTree = "<group>"; };
		B364598F16F83582001E606C /* Default-568h@2x.png */ = {isa = PBXFileReference; lastKnownFileType = image.png; path = "Default-568h@2x.png"; sourceTree = "<group>"; };
		B364599116F83582001E606C /* ViewController.h */ = {isa = PBXFileReference; lastKnownFileType = sourcecode.c.h; path = ViewController.h; sourceTree = "<group>"; };
		B364599216F83582001E606C /* ViewController.m */ = {isa = PBXFileReference; lastKnownFileType = sourcecode.c.objc; path = ViewController.m; sourceTree = "<group>"; };
		B364599D16F83F22001E606C /* index.html */ = {isa = PBXFileReference; fileEncoding = 4; lastKnownFileType = text.html; path = index.html; sourceTree = "<group>"; };
/* End PBXFileReference section */

/* Begin PBXFrameworksBuildPhase section */
		B364597316F83582001E606C /* Frameworks */ = {
			isa = PBXFrameworksBuildPhase;
			buildActionMask = 2147483647;
			files = (
				B364597A16F83582001E606C /* UIKit.framework in Frameworks */,
				B364597C16F83582001E606C /* Foundation.framework in Frameworks */,
				B364597E16F83582001E606C /* CoreGraphics.framework in Frameworks */,
			);
			runOnlyForDeploymentPostprocessing = 0;
		};
/* End PBXFrameworksBuildPhase section */

/* Begin PBXGroup section */
		B352888516FFFAB20057860D /* Dependencies */ = {
			isa = PBXGroup;
			children = (
				B352888616FFFAB20057860D /* NetworkingUtils.h */,
				B352888716FFFAB20057860D /* NetworkingUtils.m */,
				B352888816FFFAB20057860D /* TPKeyboardAvoidingScrollView.h */,
				B352888916FFFAB20057860D /* TPKeyboardAvoidingScrollView.m */,
			);
			path = Dependencies;
			sourceTree = "<group>";
		};
		B364596D16F83582001E606C = {
			isa = PBXGroup;
			children = (
				B364597F16F83582001E606C /* objs */,
				B364597816F83582001E606C /* Frameworks */,
				B364597716F83582001E606C /* Products */,
			);
			sourceTree = "<group>";
		};
		B364597716F83582001E606C /* Products */ = {
			isa = PBXGroup;
			children = (
				B364597616F83582001E606C /* objs.app */,
			);
			name = Products;
			sourceTree = "<group>";
		};
		B364597816F83582001E606C /* Frameworks */ = {
			isa = PBXGroup;
			children = (
				B364597916F83582001E606C /* UIKit.framework */,
				B364597B16F83582001E606C /* Foundation.framework */,
				B364597D16F83582001E606C /* CoreGraphics.framework */,
			);
			name = Frameworks;
			sourceTree = "<group>";
		};
		B364597F16F83582001E606C /* objs */ = {
			isa = PBXGroup;
			children = (
				B364598816F83582001E606C /* AppDelegate.h */,
				B364598916F83582001E606C /* AppDelegate.m */,
				B364599116F83582001E606C /* ViewController.h */,
				B364599216F83582001E606C /* ViewController.m */,
				B352888516FFFAB20057860D /* Dependencies */,
				B364599C16F8382F001E606C /* Assets */,
				B364598016F83582001E606C /* Supporting Files */,
			);
			path = objs;
			sourceTree = "<group>";
		};
		B364598016F83582001E606C /* Supporting Files */ = {
			isa = PBXGroup;
			children = (
				B364598116F83582001E606C /* objs-Info.plist */,
				B364598216F83582001E606C /* InfoPlist.strings */,
				B364598516F83582001E606C /* main.m */,
				B364598716F83582001E606C /* objs-Prefix.pch */,
				B364598B16F83582001E606C /* Default.png */,
				B364598D16F83582001E606C /* Default@2x.png */,
				B364598F16F83582001E606C /* Default-568h@2x.png */,
			);
			name = "Supporting Files";
			sourceTree = "<group>";
		};
		B364599C16F8382F001E606C /* Assets */ = {
			isa = PBXGroup;
			children = (
				B352887D16FFEF4E0057860D /* jquery.min.js */,
				B364599D16F83F22001E606C /* index.html */,
			);
			path = Assets;
			sourceTree = "<group>";
		};
/* End PBXGroup section */

/* Begin PBXNativeTarget section */
		B364597516F83582001E606C /* objs */ = {
			isa = PBXNativeTarget;
			buildConfigurationList = B364599916F83582001E606C /* Build configuration list for PBXNativeTarget "objs" */;
			buildPhases = (
				B364597216F83582001E606C /* Sources */,
				B364597316F83582001E606C /* Frameworks */,
				B364597416F83582001E606C /* Resources */,
			);
			buildRules = (
			);
			dependencies = (
			);
			name = objs;
			productName = objs;
			productReference = B364597616F83582001E606C /* objs.app */;
			productType = "com.apple.product-type.application";
		};
/* End PBXNativeTarget section */

/* Begin PBXProject section */
		B364596E16F83582001E606C /* Project object */ = {
			isa = PBXProject;
			attributes = {
				LastUpgradeCheck = 0460;
				ORGANIZATIONNAME = Pingan;
			};
			buildConfigurationList = B364597116F83582001E606C /* Build configuration list for PBXProject "objs" */;
			compatibilityVersion = "Xcode 3.2";
			developmentRegion = English;
			hasScannedForEncodings = 0;
			knownRegions = (
				en,
			);
			mainGroup = B364596D16F83582001E606C;
			productRefGroup = B364597716F83582001E606C /* Products */;
			projectDirPath = "";
			projectRoot = "";
			targets = (
				B364597516F83582001E606C /* objs */,
			);
		};
/* End PBXProject section */

/* Begin PBXResourcesBuildPhase section */
		B364597416F83582001E606C /* Resources */ = {
			isa = PBXResourcesBuildPhase;
			buildActionMask = 2147483647;
			files = (
				B352887E16FFEF4E0057860D /* jquery.min.js in Resources */,
				B364598416F83582001E606C /* InfoPlist.strings in Resources */,
				B364598C16F83582001E606C /* Default.png in Resources */,
				B364598E16F83582001E606C /* Default@2x.png in Resources */,
				B364599016F83582001E606C /* Default-568h@2x.png in Resources */,
				B364599E16F83F22001E606C /* index.html in Resources */,
			);
			runOnlyForDeploymentPostprocessing = 0;
		};
/* End PBXResourcesBuildPhase section */

/* Begin PBXSourcesBuildPhase section */
		B364597216F83582001E606C /* Sources */ = {
			isa = PBXSourcesBuildPhase;
			buildActionMask = 2147483647;
			files = (
				B364598616F83582001E606C /* main.m in Sources */,
				B364598A16F83582001E606C /* AppDelegate.m in Sources */,
				B364599316F83582001E606C /* ViewController.m in Sources */,
				B352888A16FFFAB20057860D /* NetworkingUtils.m in Sources */,
				B352888B16FFFAB20057860D /* TPKeyboardAvoidingScrollView.m in Sources */,
			);
			runOnlyForDeploymentPostprocessing = 0;
		};
/* End PBXSourcesBuildPhase section */

/* Begin PBXVariantGroup section */
		B364598216F83582001E606C /* InfoPlist.strings */ = {
			isa = PBXVariantGroup;
			children = (
				B364598316F83582001E606C /* en */,
			);
			name = InfoPlist.strings;
			sourceTree = "<group>";
		};
/* End PBXVariantGroup section */

/* Begin XCBuildConfiguration section */
		B364599716F83582001E606C /* Debug */ = {
			isa = XCBuildConfiguration;
			buildSettings = {
				ALWAYS_SEARCH_USER_PATHS = NO;
				CLANG_CXX_LANGUAGE_STANDARD = "gnu++0x";
				CLANG_CXX_LIBRARY = "libc++";
				CLANG_WARN_CONSTANT_CONVERSION = YES;
				CLANG_WARN_EMPTY_BODY = YES;
				CLANG_WARN_ENUM_CONVERSION = YES;
				CLANG_WARN_INT_CONVERSION = YES;
				CLANG_WARN__DUPLICATE_METHOD_MATCH = YES;
				"CODE_SIGN_IDENTITY[sdk=iphoneos*]" = "iPhone Developer";
				COPY_PHASE_STRIP = NO;
				GCC_C_LANGUAGE_STANDARD = gnu99;
				GCC_DYNAMIC_NO_PIC = NO;
				GCC_OPTIMIZATION_LEVEL = 0;
				GCC_PREPROCESSOR_DEFINITIONS = (
					"DEBUG=1",
					"$(inherited)",
				);
				GCC_SYMBOLS_PRIVATE_EXTERN = NO;
				GCC_WARN_ABOUT_RETURN_TYPE = YES;
				GCC_WARN_UNINITIALIZED_AUTOS = YES;
				GCC_WARN_UNUSED_VARIABLE = YES;
				IPHONEOS_DEPLOYMENT_TARGET = 6.1;
				ONLY_ACTIVE_ARCH = YES;
				SDKROOT = iphoneos;
			};
			name = Debug;
		};
		B364599816F83582001E606C /* Release */ = {
			isa = XCBuildConfiguration;
			buildSettings = {
				ALWAYS_SEARCH_USER_PATHS = NO;
				CLANG_CXX_LANGUAGE_STANDARD = "gnu++0x";
				CLANG_CXX_LIBRARY = "libc++";
				CLANG_WARN_CONSTANT_CONVERSION = YES;
				CLANG_WARN_EMPTY_BODY = YES;
				CLANG_WARN_ENUM_CONVERSION = YES;
				CLANG_WARN_INT_CONVERSION = YES;
				CLANG_WARN__DUPLICATE_METHOD_MATCH = YES;
				"CODE_SIGN_IDENTITY[sdk=iphoneos*]" = "iPhone Developer";
				COPY_PHASE_STRIP = YES;
				GCC_C_LANGUAGE_STANDARD = gnu99;
				GCC_WARN_ABOUT_RETURN_TYPE = YES;
				GCC_WARN_UNINITIALIZED_AUTOS = YES;
				GCC_WARN_UNUSED_VARIABLE = YES;
				IPHONEOS_DEPLOYMENT_TARGET = 6.1;
				OTHER_CFLAGS = "-DNS_BLOCK_ASSERTIONS=1";
				SDKROOT = iphoneos;
				VALIDATE_PRODUCT = YES;
			};
			name = Release;
		};
		B364599A16F83582001E606C /* Debug */ = {
			isa = XCBuildConfiguration;
			buildSettings = {
				GCC_PRECOMPILE_PREFIX_HEADER = YES;
				GCC_PREFIX_HEADER = "objs/objs-Prefix.pch";
				INFOPLIST_FILE = "objs/objs-Info.plist";
				PRODUCT_NAME = "$(TARGET_NAME)";
				WRAPPER_EXTENSION = app;
			};
			name = Debug;
		};
		B364599B16F83582001E606C /* Release */ = {
			isa = XCBuildConfiguration;
			buildSettings = {
				GCC_PRECOMPILE_PREFIX_HEADER = YES;
				GCC_PREFIX_HEADER = "objs/objs-Prefix.pch";
				INFOPLIST_FILE = "objs/objs-Info.plist";
				PRODUCT_NAME = "$(TARGET_NAME)";
				WRAPPER_EXTENSION = app;
			};
			name = Release;
		};
/* End XCBuildConfiguration section */

/* Begin XCConfigurationList section */
		B364597116F83582001E606C /* Build configuration list for PBXProject "objs" */ = {
			isa = XCConfigurationList;
			buildConfigurations = (
				B364599716F83582001E606C /* Debug */,
				B364599816F83582001E606C /* Release */,
			);
			defaultConfigurationIsVisible = 0;
			defaultConfigurationName = Release;
		};
		B364599916F83582001E606C /* Build configuration list for PBXNativeTarget "objs" */ = {
			isa = XCConfigurationList;
			buildConfigurations = (
				B364599A16F83582001E606C /* Debug */,
				B364599B16F83582001E606C /* Release */,
			);
			defaultConfigurationIsVisible = 0;
			defaultConfigurationName = Release;
		};
/* End XCConfigurationList section */
	};
	rootObject = B364596E16F83582001E606C /* Project object */;
}
